{
  "version": 4,
  "terraform_version": "1.9.4",
  "serial": 606,
  "lineage": "1e17ca13-b37b-ba22-1c31-2856774a8bef",
  "outputs": {},
  "resources": [
    {
      "mode": "data",
      "type": "aws_security_group",
      "name": "default",
      "provider": "provider[\"registry.terraform.io/hashicorp/aws\"]",
      "instances": [
        {
          "schema_version": 0,
          "attributes": {
            "arn": "arn:aws:ec2:us-east-1:332376096653:security-group/sg-014076eddf0a226a3",
            "description": "default VPC security group",
            "filter": [
              {
                "name": "group-name",
                "values": [
                  "default"
                ]
              }
            ],
            "id": "sg-014076eddf0a226a3",
            "name": "default",
            "tags": {},
            "timeouts": null,
            "vpc_id": "vpc-035de6a04b60456dc"
          },
          "sensitive_attributes": []
        }
      ]
    },
    {
      "module": "module.interface",
      "mode": "managed",
      "type": "aws_eip",
      "name": "one",
      "provider": "provider[\"registry.terraform.io/hashicorp/aws\"]",
      "instances": [
        {
          "schema_version": 0,
          "attributes": {
            "address": null,
            "allocation_id": "eipalloc-03bf1137d44f82948",
            "arn": "arn:aws:ec2:us-east-1:332376096653:elastic-ip/eipalloc-03bf1137d44f82948",
            "associate_with_private_ip": null,
            "association_id": "eipassoc-0c140931359c3942a",
            "carrier_ip": "",
            "customer_owned_ip": "",
            "customer_owned_ipv4_pool": "",
            "domain": "vpc",
            "id": "eipalloc-03bf1137d44f82948",
            "instance": "",
            "network_border_group": "us-east-1",
            "network_interface": "eni-06b0a724596421af7",
            "private_dns": "ip-172-31-4-206.ec2.internal",
            "private_ip": "172.31.4.206",
            "ptr_record": "",
            "public_dns": "ec2-54-145-223-205.compute-1.amazonaws.com",
            "public_ip": "54.145.223.205",
            "public_ipv4_pool": "amazon",
            "tags": null,
            "tags_all": {},
            "timeouts": null,
            "vpc": true
          },
          "sensitive_attributes": [],
          "private": "eyJlMmJmYjczMC1lY2FhLTExZTYtOGY4OC0zNDM2M2JjN2M0YzAiOnsiZGVsZXRlIjoxODAwMDAwMDAwMDAsInJlYWQiOjkwMDAwMDAwMDAwMCwidXBkYXRlIjozMDAwMDAwMDAwMDB9fQ==",
          "dependencies": [
            "data.aws_security_group.default",
            "module.interface.aws_network_interface.public_eni_firewall_to",
            "module.subnet.aws_subnet.public_subnet"
          ]
        }
      ]
    },
    {
      "module": "module.interface",
      "mode": "managed",
      "type": "aws_network_interface",
      "name": "enterprise_eni_firewall_to",
      "provider": "provider[\"registry.terraform.io/hashicorp/aws\"]",
      "instances": [
        {
          "schema_version": 0,
          "attributes": {
            "arn": "arn:aws:ec2:us-east-1:332376096653:network-interface/eni-0eb5f449f41628294",
            "attachment": [],
            "description": "Interface da Rede Enterprise no Firewall TO",
            "id": "eni-0eb5f449f41628294",
            "interface_type": "interface",
            "ipv4_prefix_count": 0,
            "ipv4_prefixes": [],
            "ipv6_address_count": 0,
            "ipv6_address_list": [],
            "ipv6_address_list_enabled": false,
            "ipv6_addresses": [],
            "ipv6_prefix_count": 0,
            "ipv6_prefixes": [],
            "mac_address": "0a:ff:e1:f7:5c:1b",
            "outpost_arn": "",
            "owner_id": "332376096653",
            "private_dns_name": "ip-172-31-1-4.ec2.internal",
            "private_ip": "172.31.1.4",
            "private_ip_list": [
              "172.31.1.4"
            ],
            "private_ip_list_enabled": false,
            "private_ips": [
              "172.31.1.4"
            ],
            "private_ips_count": 0,
            "security_groups": [
              "sg-01002087100ed6f1d"
            ],
            "source_dest_check": true,
            "subnet_id": "subnet-049d58e6f0059946f",
            "tags": null,
            "tags_all": {}
          },
          "sensitive_attributes": [],
          "private": "bnVsbA==",
          "dependencies": [
            "module.security_group.aws_security_group.enterprise_sg",
            "module.subnet.aws_subnet.enterprise_subnet"
          ]
        }
      ]
    },
    {
      "module": "module.interface",
      "mode": "managed",
      "type": "aws_network_interface",
      "name": "idmz_eni_firewall_to",
      "provider": "provider[\"registry.terraform.io/hashicorp/aws\"]",
      "instances": [
        {
          "schema_version": 0,
          "attributes": {
            "arn": "arn:aws:ec2:us-east-1:332376096653:network-interface/eni-07b7cf4971553b8c8",
            "attachment": [],
            "description": "Interface da Rede IDMZ no Firewall TO",
            "id": "eni-07b7cf4971553b8c8",
            "interface_type": "interface",
            "ipv4_prefix_count": 0,
            "ipv4_prefixes": [],
            "ipv6_address_count": 0,
            "ipv6_address_list": [],
            "ipv6_address_list_enabled": false,
            "ipv6_addresses": [],
            "ipv6_prefix_count": 0,
            "ipv6_prefixes": [],
            "mac_address": "0a:ff:f3:0c:c3:a7",
            "outpost_arn": "",
            "owner_id": "332376096653",
            "private_dns_name": "ip-172-31-2-4.ec2.internal",
            "private_ip": "172.31.2.4",
            "private_ip_list": [
              "172.31.2.4"
            ],
            "private_ip_list_enabled": false,
            "private_ips": [
              "172.31.2.4"
            ],
            "private_ips_count": 0,
            "security_groups": [
              "sg-06a2f5b241ddd9e01"
            ],
            "source_dest_check": true,
            "subnet_id": "subnet-00fe18d2995276a37",
            "tags": null,
            "tags_all": {}
          },
          "sensitive_attributes": [],
          "private": "bnVsbA==",
          "dependencies": [
            "module.security_group.aws_security_group.idmz_sg",
            "module.subnet.aws_subnet.idmz_subnet"
          ]
        }
      ]
    },
    {
      "module": "module.interface",
      "mode": "managed",
      "type": "aws_network_interface",
      "name": "industrial_eni_firewall_to",
      "provider": "provider[\"registry.terraform.io/hashicorp/aws\"]",
      "instances": [
        {
          "schema_version": 0,
          "attributes": {
            "arn": "arn:aws:ec2:us-east-1:332376096653:network-interface/eni-0bebad79ed4c5638c",
            "attachment": [],
            "description": "Interface da Rede Industrial no Firewall TO",
            "id": "eni-0bebad79ed4c5638c",
            "interface_type": "interface",
            "ipv4_prefix_count": 0,
            "ipv4_prefixes": [],
            "ipv6_address_count": 0,
            "ipv6_address_list": [],
            "ipv6_address_list_enabled": false,
            "ipv6_addresses": [],
            "ipv6_prefix_count": 0,
            "ipv6_prefixes": [],
            "mac_address": "0a:ff:f4:f3:25:41",
            "outpost_arn": "",
            "owner_id": "332376096653",
            "private_dns_name": "ip-172-31-3-4.ec2.internal",
            "private_ip": "172.31.3.4",
            "private_ip_list": [
              "172.31.3.4"
            ],
            "private_ip_list_enabled": false,
            "private_ips": [
              "172.31.3.4"
            ],
            "private_ips_count": 0,
            "security_groups": [
              "sg-05a6aee250e21a4bd"
            ],
            "source_dest_check": true,
            "subnet_id": "subnet-0a3b9df0f00f7495f",
            "tags": null,
            "tags_all": {}
          },
          "sensitive_attributes": [],
          "private": "bnVsbA==",
          "dependencies": [
            "module.security_group.aws_security_group.industrial_sg",
            "module.subnet.aws_subnet.industrial_subnet"
          ]
        }
      ]
    },
    {
      "module": "module.interface",
      "mode": "managed",
      "type": "aws_network_interface",
      "name": "public_eni_firewall_to",
      "provider": "provider[\"registry.terraform.io/hashicorp/aws\"]",
      "instances": [
        {
          "schema_version": 0,
          "attributes": {
            "arn": "arn:aws:ec2:us-east-1:332376096653:network-interface/eni-06b0a724596421af7",
            "attachment": [],
            "description": "Interface da Rede Enterprise no Firewall TO",
            "id": "eni-06b0a724596421af7",
            "interface_type": "interface",
            "ipv4_prefix_count": 0,
            "ipv4_prefixes": [],
            "ipv6_address_count": 0,
            "ipv6_address_list": [],
            "ipv6_address_list_enabled": false,
            "ipv6_addresses": [],
            "ipv6_prefix_count": 0,
            "ipv6_prefixes": [],
            "mac_address": "0a:ff:f4:9b:d0:39",
            "outpost_arn": "",
            "owner_id": "332376096653",
            "private_dns_name": "ip-172-31-4-206.ec2.internal",
            "private_ip": "172.31.4.206",
            "private_ip_list": [
              "172.31.4.206"
            ],
            "private_ip_list_enabled": false,
            "private_ips": [
              "172.31.4.206"
            ],
            "private_ips_count": 0,
            "security_groups": [
              "sg-014076eddf0a226a3"
            ],
            "source_dest_check": true,
            "subnet_id": "subnet-083cd00e5c0c4bf6e",
            "tags": null,
            "tags_all": {}
          },
          "sensitive_attributes": [],
          "private": "bnVsbA==",
          "dependencies": [
            "data.aws_security_group.default",
            "module.subnet.aws_subnet.public_subnet"
          ]
        }
      ]
    },
    {
      "module": "module.route_table",
      "mode": "managed",
      "type": "aws_route_table",
      "name": "enterprise_rt",
      "provider": "provider[\"registry.terraform.io/hashicorp/aws\"]",
      "instances": [
        {
          "schema_version": 0,
          "attributes": {
            "arn": "arn:aws:ec2:us-east-1:332376096653:route-table/rtb-02397773dae459b6b",
            "id": "rtb-02397773dae459b6b",
            "owner_id": "332376096653",
            "propagating_vgws": [],
            "route": [
              {
                "carrier_gateway_id": "",
                "cidr_block": "0.0.0.0/0",
                "core_network_arn": "",
                "destination_prefix_list_id": "",
                "egress_only_gateway_id": "",
                "gateway_id": "",
                "ipv6_cidr_block": "",
                "local_gateway_id": "",
                "nat_gateway_id": "",
                "network_interface_id": "eni-0eb5f449f41628294",
                "transit_gateway_id": "",
                "vpc_endpoint_id": "",
                "vpc_peering_connection_id": ""
              }
            ],
            "tags": {
              "Name": "Enterprise Route Table"
            },
            "tags_all": {
              "Name": "Enterprise Route Table"
            },
            "timeouts": null,
            "vpc_id": "vpc-035de6a04b60456dc"
          },
          "sensitive_attributes": [],
          "private": "eyJlMmJmYjczMC1lY2FhLTExZTYtOGY4OC0zNDM2M2JjN2M0YzAiOnsiY3JlYXRlIjozMDAwMDAwMDAwMDAsImRlbGV0ZSI6MzAwMDAwMDAwMDAwLCJ1cGRhdGUiOjEyMDAwMDAwMDAwMH19",
          "dependencies": [
            "module.interface.aws_network_interface.enterprise_eni_firewall_to",
            "module.security_group.aws_security_group.enterprise_sg",
            "module.subnet.aws_subnet.enterprise_subnet"
          ]
        }
      ]
    },
    {
      "module": "module.route_table",
      "mode": "managed",
      "type": "aws_route_table",
      "name": "idmz_rt",
      "provider": "provider[\"registry.terraform.io/hashicorp/aws\"]",
      "instances": [
        {
          "schema_version": 0,
          "attributes": {
            "arn": "arn:aws:ec2:us-east-1:332376096653:route-table/rtb-04b4bdda385a3e1eb",
            "id": "rtb-04b4bdda385a3e1eb",
            "owner_id": "332376096653",
            "propagating_vgws": [],
            "route": [
              {
                "carrier_gateway_id": "",
                "cidr_block": "0.0.0.0/0",
                "core_network_arn": "",
                "destination_prefix_list_id": "",
                "egress_only_gateway_id": "",
                "gateway_id": "",
                "ipv6_cidr_block": "",
                "local_gateway_id": "",
                "nat_gateway_id": "",
                "network_interface_id": "eni-07b7cf4971553b8c8",
                "transit_gateway_id": "",
                "vpc_endpoint_id": "",
                "vpc_peering_connection_id": ""
              }
            ],
            "tags": {
              "Name": "IDMZ Route Table"
            },
            "tags_all": {
              "Name": "IDMZ Route Table"
            },
            "timeouts": null,
            "vpc_id": "vpc-035de6a04b60456dc"
          },
          "sensitive_attributes": [],
          "private": "eyJlMmJmYjczMC1lY2FhLTExZTYtOGY4OC0zNDM2M2JjN2M0YzAiOnsiY3JlYXRlIjozMDAwMDAwMDAwMDAsImRlbGV0ZSI6MzAwMDAwMDAwMDAwLCJ1cGRhdGUiOjEyMDAwMDAwMDAwMH19",
          "dependencies": [
            "module.interface.aws_network_interface.idmz_eni_firewall_to",
            "module.security_group.aws_security_group.idmz_sg",
            "module.subnet.aws_subnet.idmz_subnet"
          ]
        }
      ]
    },
    {
      "module": "module.route_table",
      "mode": "managed",
      "type": "aws_route_table",
      "name": "industrial_rt",
      "provider": "provider[\"registry.terraform.io/hashicorp/aws\"]",
      "instances": [
        {
          "schema_version": 0,
          "attributes": {
            "arn": "arn:aws:ec2:us-east-1:332376096653:route-table/rtb-08fad065bca43eec3",
            "id": "rtb-08fad065bca43eec3",
            "owner_id": "332376096653",
            "propagating_vgws": [],
            "route": [
              {
                "carrier_gateway_id": "",
                "cidr_block": "0.0.0.0/0",
                "core_network_arn": "",
                "destination_prefix_list_id": "",
                "egress_only_gateway_id": "",
                "gateway_id": "",
                "ipv6_cidr_block": "",
                "local_gateway_id": "",
                "nat_gateway_id": "",
                "network_interface_id": "eni-0bebad79ed4c5638c",
                "transit_gateway_id": "",
                "vpc_endpoint_id": "",
                "vpc_peering_connection_id": ""
              }
            ],
            "tags": {
              "Name": "Industrial Route Table"
            },
            "tags_all": {
              "Name": "Industrial Route Table"
            },
            "timeouts": null,
            "vpc_id": "vpc-035de6a04b60456dc"
          },
          "sensitive_attributes": [],
          "private": "eyJlMmJmYjczMC1lY2FhLTExZTYtOGY4OC0zNDM2M2JjN2M0YzAiOnsiY3JlYXRlIjozMDAwMDAwMDAwMDAsImRlbGV0ZSI6MzAwMDAwMDAwMDAwLCJ1cGRhdGUiOjEyMDAwMDAwMDAwMH19",
          "dependencies": [
            "module.interface.aws_network_interface.industrial_eni_firewall_to",
            "module.security_group.aws_security_group.industrial_sg",
            "module.subnet.aws_subnet.industrial_subnet"
          ]
        }
      ]
    },
    {
      "module": "module.route_table",
      "mode": "managed",
      "type": "aws_route_table_association",
      "name": "enterprise_rta",
      "provider": "provider[\"registry.terraform.io/hashicorp/aws\"]",
      "instances": [
        {
          "schema_version": 0,
          "attributes": {
            "gateway_id": "",
            "id": "rtbassoc-0add3f5ad7cbf7ab3",
            "route_table_id": "rtb-02397773dae459b6b",
            "subnet_id": "subnet-049d58e6f0059946f",
            "timeouts": null
          },
          "sensitive_attributes": [],
          "private": "eyJlMmJmYjczMC1lY2FhLTExZTYtOGY4OC0zNDM2M2JjN2M0YzAiOnsiY3JlYXRlIjozMDAwMDAwMDAwMDAsImRlbGV0ZSI6MzAwMDAwMDAwMDAwLCJ1cGRhdGUiOjEyMDAwMDAwMDAwMH19",
          "dependencies": [
            "module.interface.aws_network_interface.enterprise_eni_firewall_to",
            "module.route_table.aws_route_table.enterprise_rt",
            "module.security_group.aws_security_group.enterprise_sg",
            "module.subnet.aws_subnet.enterprise_subnet"
          ]
        }
      ]
    },
    {
      "module": "module.route_table",
      "mode": "managed",
      "type": "aws_route_table_association",
      "name": "idmz_rta",
      "provider": "provider[\"registry.terraform.io/hashicorp/aws\"]",
      "instances": [
        {
          "schema_version": 0,
          "attributes": {
            "gateway_id": "",
            "id": "rtbassoc-01dddccfdf1ba6d30",
            "route_table_id": "rtb-04b4bdda385a3e1eb",
            "subnet_id": "subnet-00fe18d2995276a37",
            "timeouts": null
          },
          "sensitive_attributes": [],
          "private": "eyJlMmJmYjczMC1lY2FhLTExZTYtOGY4OC0zNDM2M2JjN2M0YzAiOnsiY3JlYXRlIjozMDAwMDAwMDAwMDAsImRlbGV0ZSI6MzAwMDAwMDAwMDAwLCJ1cGRhdGUiOjEyMDAwMDAwMDAwMH19",
          "dependencies": [
            "module.interface.aws_network_interface.idmz_eni_firewall_to",
            "module.route_table.aws_route_table.idmz_rt",
            "module.security_group.aws_security_group.idmz_sg",
            "module.subnet.aws_subnet.idmz_subnet"
          ]
        }
      ]
    },
    {
      "module": "module.route_table",
      "mode": "managed",
      "type": "aws_route_table_association",
      "name": "industrial_rta",
      "provider": "provider[\"registry.terraform.io/hashicorp/aws\"]",
      "instances": [
        {
          "schema_version": 0,
          "attributes": {
            "gateway_id": "",
            "id": "rtbassoc-066f7f4ff48db68bd",
            "route_table_id": "rtb-08fad065bca43eec3",
            "subnet_id": "subnet-0a3b9df0f00f7495f",
            "timeouts": null
          },
          "sensitive_attributes": [],
          "private": "eyJlMmJmYjczMC1lY2FhLTExZTYtOGY4OC0zNDM2M2JjN2M0YzAiOnsiY3JlYXRlIjozMDAwMDAwMDAwMDAsImRlbGV0ZSI6MzAwMDAwMDAwMDAwLCJ1cGRhdGUiOjEyMDAwMDAwMDAwMH19",
          "dependencies": [
            "module.interface.aws_network_interface.industrial_eni_firewall_to",
            "module.route_table.aws_route_table.industrial_rt",
            "module.security_group.aws_security_group.industrial_sg",
            "module.subnet.aws_subnet.industrial_subnet"
          ]
        }
      ]
    },
    {
      "module": "module.security_group",
      "mode": "managed",
      "type": "aws_security_group",
      "name": "enterprise_sg",
      "provider": "provider[\"registry.terraform.io/hashicorp/aws\"]",
      "instances": [
        {
          "schema_version": 1,
          "attributes": {
            "arn": "arn:aws:ec2:us-east-1:332376096653:security-group/sg-01002087100ed6f1d",
            "description": "Grupo de regras associadas a Rede Enterprise",
            "egress": [
              {
                "cidr_blocks": [
                  "172.31.1.0/24"
                ],
                "description": "",
                "from_port": 0,
                "ipv6_cidr_blocks": [],
                "prefix_list_ids": [],
                "protocol": "-1",
                "security_groups": [],
                "self": false,
                "to_port": 0
              }
            ],
            "id": "sg-01002087100ed6f1d",
            "ingress": [
              {
                "cidr_blocks": [
                  "172.31.1.0/24"
                ],
                "description": "",
                "from_port": 0,
                "ipv6_cidr_blocks": [],
                "prefix_list_ids": [],
                "protocol": "-1",
                "security_groups": [],
                "self": false,
                "to_port": 0
              }
            ],
            "name": "enterprise_sg20240902013414185300000003",
            "name_prefix": "enterprise_sg",
            "owner_id": "332376096653",
            "revoke_rules_on_delete": false,
            "tags": null,
            "tags_all": {},
            "timeouts": null,
            "vpc_id": "vpc-035de6a04b60456dc"
          },
          "sensitive_attributes": [],
          "private": "eyJlMmJmYjczMC1lY2FhLTExZTYtOGY4OC0zNDM2M2JjN2M0YzAiOnsiY3JlYXRlIjo2MDAwMDAwMDAwMDAsImRlbGV0ZSI6OTAwMDAwMDAwMDAwfSwic2NoZW1hX3ZlcnNpb24iOiIxIn0="
        }
      ]
    },
    {
      "module": "module.security_group",
      "mode": "managed",
      "type": "aws_security_group",
      "name": "idmz_sg",
      "provider": "provider[\"registry.terraform.io/hashicorp/aws\"]",
      "instances": [
        {
          "schema_version": 1,
          "attributes": {
            "arn": "arn:aws:ec2:us-east-1:332376096653:security-group/sg-06a2f5b241ddd9e01",
            "description": "Grupo de regras associadas a Rede IDMZ",
            "egress": [
              {
                "cidr_blocks": [
                  "172.31.2.0/24"
                ],
                "description": "",
                "from_port": 0,
                "ipv6_cidr_blocks": [],
                "prefix_list_ids": [],
                "protocol": "-1",
                "security_groups": [],
                "self": false,
                "to_port": 0
              }
            ],
            "id": "sg-06a2f5b241ddd9e01",
            "ingress": [
              {
                "cidr_blocks": [
                  "172.31.2.0/24"
                ],
                "description": "",
                "from_port": 0,
                "ipv6_cidr_blocks": [],
                "prefix_list_ids": [],
                "protocol": "-1",
                "security_groups": [],
                "self": false,
                "to_port": 0
              }
            ],
            "name": "idmz_sg20240902013414185300000001",
            "name_prefix": "idmz_sg",
            "owner_id": "332376096653",
            "revoke_rules_on_delete": false,
            "tags": null,
            "tags_all": {},
            "timeouts": null,
            "vpc_id": "vpc-035de6a04b60456dc"
          },
          "sensitive_attributes": [],
          "private": "eyJlMmJmYjczMC1lY2FhLTExZTYtOGY4OC0zNDM2M2JjN2M0YzAiOnsiY3JlYXRlIjo2MDAwMDAwMDAwMDAsImRlbGV0ZSI6OTAwMDAwMDAwMDAwfSwic2NoZW1hX3ZlcnNpb24iOiIxIn0="
        }
      ]
    },
    {
      "module": "module.security_group",
      "mode": "managed",
      "type": "aws_security_group",
      "name": "industrial_sg",
      "provider": "provider[\"registry.terraform.io/hashicorp/aws\"]",
      "instances": [
        {
          "schema_version": 1,
          "attributes": {
            "arn": "arn:aws:ec2:us-east-1:332376096653:security-group/sg-05a6aee250e21a4bd",
            "description": "Grupo de regras associadas a Rede Industrial",
            "egress": [
              {
                "cidr_blocks": [
                  "172.31.3.0/24"
                ],
                "description": "",
                "from_port": 0,
                "ipv6_cidr_blocks": [],
                "prefix_list_ids": [],
                "protocol": "-1",
                "security_groups": [],
                "self": false,
                "to_port": 0
              }
            ],
            "id": "sg-05a6aee250e21a4bd",
            "ingress": [
              {
                "cidr_blocks": [
                  "172.31.3.0/24"
                ],
                "description": "",
                "from_port": 0,
                "ipv6_cidr_blocks": [],
                "prefix_list_ids": [],
                "protocol": "-1",
                "security_groups": [],
                "self": false,
                "to_port": 0
              }
            ],
            "name": "industrial_sg20240902013414185300000002",
            "name_prefix": "industrial_sg",
            "owner_id": "332376096653",
            "revoke_rules_on_delete": false,
            "tags": null,
            "tags_all": {},
            "timeouts": null,
            "vpc_id": "vpc-035de6a04b60456dc"
          },
          "sensitive_attributes": [],
          "private": "eyJlMmJmYjczMC1lY2FhLTExZTYtOGY4OC0zNDM2M2JjN2M0YzAiOnsiY3JlYXRlIjo2MDAwMDAwMDAwMDAsImRlbGV0ZSI6OTAwMDAwMDAwMDAwfSwic2NoZW1hX3ZlcnNpb24iOiIxIn0="
        }
      ]
    },
    {
      "module": "module.subnet",
      "mode": "managed",
      "type": "aws_subnet",
      "name": "enterprise_subnet",
      "provider": "provider[\"registry.terraform.io/hashicorp/aws\"]",
      "instances": [
        {
          "schema_version": 1,
          "attributes": {
            "arn": "arn:aws:ec2:us-east-1:332376096653:subnet/subnet-049d58e6f0059946f",
            "assign_ipv6_address_on_creation": false,
            "availability_zone": "us-east-1c",
            "availability_zone_id": "use1-az4",
            "cidr_block": "172.31.1.0/24",
            "customer_owned_ipv4_pool": "",
            "enable_dns64": false,
            "enable_lni_at_device_index": 0,
            "enable_resource_name_dns_a_record_on_launch": false,
            "enable_resource_name_dns_aaaa_record_on_launch": false,
            "id": "subnet-049d58e6f0059946f",
            "ipv6_cidr_block": "",
            "ipv6_cidr_block_association_id": "",
            "ipv6_native": false,
            "map_customer_owned_ip_on_launch": false,
            "map_public_ip_on_launch": false,
            "outpost_arn": "",
            "owner_id": "332376096653",
            "private_dns_hostname_type_on_launch": "ip-name",
            "tags": {
              "Name": "Enterprise Subnet"
            },
            "tags_all": {
              "Name": "Enterprise Subnet"
            },
            "timeouts": null,
            "vpc_id": "vpc-035de6a04b60456dc"
          },
          "sensitive_attributes": [],
          "private": "eyJlMmJmYjczMC1lY2FhLTExZTYtOGY4OC0zNDM2M2JjN2M0YzAiOnsiY3JlYXRlIjo2MDAwMDAwMDAwMDAsImRlbGV0ZSI6MTIwMDAwMDAwMDAwMH0sInNjaGVtYV92ZXJzaW9uIjoiMSJ9"
        }
      ]
    },
    {
      "module": "module.subnet",
      "mode": "managed",
      "type": "aws_subnet",
      "name": "idmz_subnet",
      "provider": "provider[\"registry.terraform.io/hashicorp/aws\"]",
      "instances": [
        {
          "schema_version": 1,
          "attributes": {
            "arn": "arn:aws:ec2:us-east-1:332376096653:subnet/subnet-00fe18d2995276a37",
            "assign_ipv6_address_on_creation": false,
            "availability_zone": "us-east-1c",
            "availability_zone_id": "use1-az4",
            "cidr_block": "172.31.2.0/24",
            "customer_owned_ipv4_pool": "",
            "enable_dns64": false,
            "enable_lni_at_device_index": 0,
            "enable_resource_name_dns_a_record_on_launch": false,
            "enable_resource_name_dns_aaaa_record_on_launch": false,
            "id": "subnet-00fe18d2995276a37",
            "ipv6_cidr_block": "",
            "ipv6_cidr_block_association_id": "",
            "ipv6_native": false,
            "map_customer_owned_ip_on_launch": false,
            "map_public_ip_on_launch": false,
            "outpost_arn": "",
            "owner_id": "332376096653",
            "private_dns_hostname_type_on_launch": "ip-name",
            "tags": {
              "Name": "IDMZ Subnet"
            },
            "tags_all": {
              "Name": "IDMZ Subnet"
            },
            "timeouts": null,
            "vpc_id": "vpc-035de6a04b60456dc"
          },
          "sensitive_attributes": [],
          "private": "eyJlMmJmYjczMC1lY2FhLTExZTYtOGY4OC0zNDM2M2JjN2M0YzAiOnsiY3JlYXRlIjo2MDAwMDAwMDAwMDAsImRlbGV0ZSI6MTIwMDAwMDAwMDAwMH0sInNjaGVtYV92ZXJzaW9uIjoiMSJ9"
        }
      ]
    },
    {
      "module": "module.subnet",
      "mode": "managed",
      "type": "aws_subnet",
      "name": "industrial_subnet",
      "provider": "provider[\"registry.terraform.io/hashicorp/aws\"]",
      "instances": [
        {
          "schema_version": 1,
          "attributes": {
            "arn": "arn:aws:ec2:us-east-1:332376096653:subnet/subnet-0a3b9df0f00f7495f",
            "assign_ipv6_address_on_creation": false,
            "availability_zone": "us-east-1c",
            "availability_zone_id": "use1-az4",
            "cidr_block": "172.31.3.0/24",
            "customer_owned_ipv4_pool": "",
            "enable_dns64": false,
            "enable_lni_at_device_index": 0,
            "enable_resource_name_dns_a_record_on_launch": false,
            "enable_resource_name_dns_aaaa_record_on_launch": false,
            "id": "subnet-0a3b9df0f00f7495f",
            "ipv6_cidr_block": "",
            "ipv6_cidr_block_association_id": "",
            "ipv6_native": false,
            "map_customer_owned_ip_on_launch": false,
            "map_public_ip_on_launch": false,
            "outpost_arn": "",
            "owner_id": "332376096653",
            "private_dns_hostname_type_on_launch": "ip-name",
            "tags": {
              "Name": "Industrial Subnet"
            },
            "tags_all": {
              "Name": "Industrial Subnet"
            },
            "timeouts": null,
            "vpc_id": "vpc-035de6a04b60456dc"
          },
          "sensitive_attributes": [],
          "private": "eyJlMmJmYjczMC1lY2FhLTExZTYtOGY4OC0zNDM2M2JjN2M0YzAiOnsiY3JlYXRlIjo2MDAwMDAwMDAwMDAsImRlbGV0ZSI6MTIwMDAwMDAwMDAwMH0sInNjaGVtYV92ZXJzaW9uIjoiMSJ9"
        }
      ]
    },
    {
      "module": "module.subnet",
      "mode": "managed",
      "type": "aws_subnet",
      "name": "public_subnet",
      "provider": "provider[\"registry.terraform.io/hashicorp/aws\"]",
      "instances": [
        {
          "schema_version": 1,
          "attributes": {
            "arn": "arn:aws:ec2:us-east-1:332376096653:subnet/subnet-083cd00e5c0c4bf6e",
            "assign_ipv6_address_on_creation": false,
            "availability_zone": "us-east-1c",
            "availability_zone_id": "use1-az4",
            "cidr_block": "172.31.4.0/24",
            "customer_owned_ipv4_pool": "",
            "enable_dns64": false,
            "enable_lni_at_device_index": 0,
            "enable_resource_name_dns_a_record_on_launch": false,
            "enable_resource_name_dns_aaaa_record_on_launch": false,
            "id": "subnet-083cd00e5c0c4bf6e",
            "ipv6_cidr_block": "",
            "ipv6_cidr_block_association_id": "",
            "ipv6_native": false,
            "map_customer_owned_ip_on_launch": false,
            "map_public_ip_on_launch": true,
            "outpost_arn": "",
            "owner_id": "332376096653",
            "private_dns_hostname_type_on_launch": "ip-name",
            "tags": {
              "Name": "Public Subnet"
            },
            "tags_all": {
              "Name": "Public Subnet"
            },
            "timeouts": null,
            "vpc_id": "vpc-035de6a04b60456dc"
          },
          "sensitive_attributes": [],
          "private": "eyJlMmJmYjczMC1lY2FhLTExZTYtOGY4OC0zNDM2M2JjN2M0YzAiOnsiY3JlYXRlIjo2MDAwMDAwMDAwMDAsImRlbGV0ZSI6MTIwMDAwMDAwMDAwMH0sInNjaGVtYV92ZXJzaW9uIjoiMSJ9"
        }
      ]
    }
  ],
  "check_results": null
}
